
Microsoft Visual Studio Solution File, Format Version 12.00
# Visual Studio Version 17
VisualStudioVersion = 17.2.32630.192
MinimumVisualStudioVersion = 10.0.40219.1
Project("{FAE04EC0-301F-11D3-BF4B-00C04F79EFBC}") = "PortalWeb", "PortalWeb\PortalWeb.csproj", "{07F6FACA-BB3A-49F6-821F-6D01C07070AC}"
EndProject
Global
	GlobalSection(SolutionConfigurationPlatforms) = preSolution
		Debug|Any CPU = Debug|Any CPU
		Release|Any CPU = Release|Any CPU
	EndGlobalSection
	GlobalSection(ProjectConfigurationPlatforms) = postSolution
		{07F6FACA-BB3A-49F6-821F-6D01C07070AC}.Debug|Any CPU.ActiveCfg = Debug|Any CPU
		{07F6FACA-BB3A-49F6-821F-6D01C07070AC}.Debug|Any CPU.Build.0 = Debug|Any CPU
		{07F6FACA-BB3A-49F6-821F-6D01C07070AC}.Release|Any CPU.ActiveCfg = Release|Any CPU
		{07F6FACA-BB3A-49F6-821F-6D01C07070AC}.Release|Any CPU.Build.0 = Release|Any CPU
	EndGlobalSection
	GlobalSection(SolutionProperties) = preSolution
		HideSolutionNode = FALSE
	EndGlobalSection
	GlobalSection(ExtensibilityGlobals) = postSolution
		SolutionGuid = {041339A2-0BF6-4F38-8DAF-7F611110EEB6}
	EndGlobalSection
EndGlobal
